
Microsoft Visual Studio Solution File, Format Version 12.00
# Visual Studio Version 16
VisualStudioVersion = 16.0.30114.105
MinimumVisualStudioVersion = 10.0.40219.1
Project("{2150E333-8FDC-42A3-9474-1A3956D46DE8}") = "src", "src", "{4AEDFA8B-D2F7-4975-9005-7C33881BE5C6}"
EndProject
Project("{FAE04EC0-301F-11D3-BF4B-00C04F79EFBC}") = "GradeBook", "src\GradeBook\GradeBook.csproj", "{358C002E-6018-4D9E-93B4-C879E24BA82E}"
EndProject
Project("{2150E333-8FDC-42A3-9474-1A3956D46DE8}") = "test", "test", "{E6100C5E-2154-4932-91A6-271F91470B48}"
EndProject
Project("{FAE04EC0-301F-11D3-BF4B-00C04F79EFBC}") = "GradeBook.Tests", "test\GradeBook.Tests\GradeBook.Tests.csproj", "{494F0AEB-534E-404F-A10D-4C9CD8B356AE}"
EndProject
Global
	GlobalSection(SolutionConfigurationPlatforms) = preSolution
		Debug|Any CPU = Debug|Any CPU
		Debug|x64 = Debug|x64
		Debug|x86 = Debug|x86
		Release|Any CPU = Release|Any CPU
		Release|x64 = Release|x64
		Release|x86 = Release|x86
	EndGlobalSection
	GlobalSection(SolutionProperties) = preSolution
		HideSolutionNode = FALSE
	EndGlobalSection
	GlobalSection(ProjectConfigurationPlatforms) = postSolution
		{358C002E-6018-4D9E-93B4-C879E24BA82E}.Debug|Any CPU.ActiveCfg = Debug|Any CPU
		{358C002E-6018-4D9E-93B4-C879E24BA82E}.Debug|Any CPU.Build.0 = Debug|Any CPU
		{358C002E-6018-4D9E-93B4-C879E24BA82E}.Debug|x64.ActiveCfg = Debug|Any CPU
		{358C002E-6018-4D9E-93B4-C879E24BA82E}.Debug|x64.Build.0 = Debug|Any CPU
		{358C002E-6018-4D9E-93B4-C879E24BA82E}.Debug|x86.ActiveCfg = Debug|Any CPU
		{358C002E-6018-4D9E-93B4-C879E24BA82E}.Debug|x86.Build.0 = Debug|Any CPU
		{358C002E-6018-4D9E-93B4-C879E24BA82E}.Release|Any CPU.ActiveCfg = Release|Any CPU
		{358C002E-6018-4D9E-93B4-C879E24BA82E}.Release|Any CPU.Build.0 = Release|Any CPU
		{358C002E-6018-4D9E-93B4-C879E24BA82E}.Release|x64.ActiveCfg = Release|Any CPU
		{358C002E-6018-4D9E-93B4-C879E24BA82E}.Release|x64.Build.0 = Release|Any CPU
		{358C002E-6018-4D9E-93B4-C879E24BA82E}.Release|x86.ActiveCfg = Release|Any CPU
		{358C002E-6018-4D9E-93B4-C879E24BA82E}.Release|x86.Build.0 = Release|Any CPU
		{494F0AEB-534E-404F-A10D-4C9CD8B356AE}.Debug|Any CPU.ActiveCfg = Debug|Any CPU
		{494F0AEB-534E-404F-A10D-4C9CD8B356AE}.Debug|Any CPU.Build.0 = Debug|Any CPU
		{494F0AEB-534E-404F-A10D-4C9CD8B356AE}.Debug|x64.ActiveCfg = Debug|Any CPU
		{494F0AEB-534E-404F-A10D-4C9CD8B356AE}.Debug|x64.Build.0 = Debug|Any CPU
		{494F0AEB-534E-404F-A10D-4C9CD8B356AE}.Debug|x86.ActiveCfg = Debug|Any CPU
		{494F0AEB-534E-404F-A10D-4C9CD8B356AE}.Debug|x86.Build.0 = Debug|Any CPU
		{494F0AEB-534E-404F-A10D-4C9CD8B356AE}.Release|Any CPU.ActiveCfg = Release|Any CPU
		{494F0AEB-534E-404F-A10D-4C9CD8B356AE}.Release|Any CPU.Build.0 = Release|Any CPU
		{494F0AEB-534E-404F-A10D-4C9CD8B356AE}.Release|x64.ActiveCfg = Release|Any CPU
		{494F0AEB-534E-404F-A10D-4C9CD8B356AE}.Release|x64.Build.0 = Release|Any CPU
		{494F0AEB-534E-404F-A10D-4C9CD8B356AE}.Release|x86.ActiveCfg = Release|Any CPU
		{494F0AEB-534E-404F-A10D-4C9CD8B356AE}.Release|x86.Build.0 = Release|Any CPU
	EndGlobalSection
	GlobalSection(NestedProjects) = preSolution
		{358C002E-6018-4D9E-93B4-C879E24BA82E} = {4AEDFA8B-D2F7-4975-9005-7C33881BE5C6}
		{494F0AEB-534E-404F-A10D-4C9CD8B356AE} = {E6100C5E-2154-4932-91A6-271F91470B48}
	EndGlobalSection
EndGlobal
